
Microsoft Visual Studio Solution File, Format Version 12.00
# Visual Studio Version 16
VisualStudioVersion = 16.0.30011.22
MinimumVisualStudioVersion = 10.0.40219.1
Project("{FAE04EC0-301F-11D3-BF4B-00C04F79EFBC}") = "AppCondicional.Android", "AppCondicional\AppCondicional.Android\AppCondicional.Android.csproj", "{4391B8CF-350F-4CA7-9CC5-BCF200851905}"
EndProject
Project("{FAE04EC0-301F-11D3-BF4B-00C04F79EFBC}") = "AppCondicional", "AppCondicional\AppCondicional\AppCondicional.csproj", "{FE98CA1E-43AE-4A16-BC2F-B8033A7D44E7}"
EndProject
Global
	GlobalSection(SolutionConfigurationPlatforms) = preSolution
		Debug|Any CPU = Debug|Any CPU
		Release|Any CPU = Release|Any CPU
	EndGlobalSection
	GlobalSection(ProjectConfigurationPlatforms) = postSolution
		{4391B8CF-350F-4CA7-9CC5-BCF200851905}.Debug|Any CPU.ActiveCfg = Debug|Any CPU
		{4391B8CF-350F-4CA7-9CC5-BCF200851905}.Debug|Any CPU.Build.0 = Debug|Any CPU
		{4391B8CF-350F-4CA7-9CC5-BCF200851905}.Debug|Any CPU.Deploy.0 = Debug|Any CPU
		{4391B8CF-350F-4CA7-9CC5-BCF200851905}.Release|Any CPU.ActiveCfg = Release|Any CPU
		{4391B8CF-350F-4CA7-9CC5-BCF200851905}.Release|Any CPU.Build.0 = Release|Any CPU
		{4391B8CF-350F-4CA7-9CC5-BCF200851905}.Release|Any CPU.Deploy.0 = Release|Any CPU
		{FE98CA1E-43AE-4A16-BC2F-B8033A7D44E7}.Debug|Any CPU.ActiveCfg = Debug|Any CPU
		{FE98CA1E-43AE-4A16-BC2F-B8033A7D44E7}.Debug|Any CPU.Build.0 = Debug|Any CPU
		{FE98CA1E-43AE-4A16-BC2F-B8033A7D44E7}.Debug|Any CPU.Deploy.0 = Debug|Any CPU
		{FE98CA1E-43AE-4A16-BC2F-B8033A7D44E7}.Release|Any CPU.ActiveCfg = Release|Any CPU
		{FE98CA1E-43AE-4A16-BC2F-B8033A7D44E7}.Release|Any CPU.Build.0 = Release|Any CPU
		{FE98CA1E-43AE-4A16-BC2F-B8033A7D44E7}.Release|Any CPU.Deploy.0 = Release|Any CPU
	EndGlobalSection
	GlobalSection(SolutionProperties) = preSolution
		HideSolutionNode = FALSE
	EndGlobalSection
	GlobalSection(ExtensibilityGlobals) = postSolution
		SolutionGuid = {72785EA3-23BA-425F-B741-6FCD128505DD}
	EndGlobalSection
EndGlobal
